// !$*UTF8*$!
{
	archiveVersion = 1;
	classes = {
	};
	objectVersion = 46;
	objects = {

/* Begin PBXBuildFile section */
		C71CA51A16F7D990006467FF /* BGViewBinding.m in Sources */ = {isa = PBXBuildFile; fileRef = C71CA51916F7D990006467FF /* BGViewBinding.m */; };
		C735A79E16F8A735008A9CC2 /* BGWindowBinding.m in Sources */ = {isa = PBXBuildFile; fileRef = C735A79D16F8A735008A9CC2 /* BGWindowBinding.m */; };
		C735A7A416F8FBB0008A9CC2 /* NSData+JavaScriptCore.m in Sources */ = {isa = PBXBuildFile; fileRef = C735A7A316F8FBB0008A9CC2 /* NSData+JavaScriptCore.m */; };
		C783B7C216E9595500D393B3 /* UIKit.framework in Frameworks */ = {isa = PBXBuildFile; fileRef = C783B7C116E9595500D393B3 /* UIKit.framework */; };
		C783B7C416E9595500D393B3 /* Foundation.framework in Frameworks */ = {isa = PBXBuildFile; fileRef = C783B7C316E9595500D393B3 /* Foundation.framework */; };
		C783B7C616E9595500D393B3 /* CoreGraphics.framework in Frameworks */ = {isa = PBXBuildFile; fileRef = C783B7C516E9595500D393B3 /* CoreGraphics.framework */; };
		C783B7CC16E9595500D393B3 /* InfoPlist.strings in Resources */ = {isa = PBXBuildFile; fileRef = C783B7CA16E9595500D393B3 /* InfoPlist.strings */; };
		C783B7CE16E9595500D393B3 /* main.m in Sources */ = {isa = PBXBuildFile; fileRef = C783B7CD16E9595500D393B3 /* main.m */; };
		C783B7D216E9595500D393B3 /* AppDelegate.m in Sources */ = {isa = PBXBuildFile; fileRef = C783B7D116E9595500D393B3 /* AppDelegate.m */; };
		C783B7D416E9595500D393B3 /* Default.png in Resources */ = {isa = PBXBuildFile; fileRef = C783B7D316E9595500D393B3 /* Default.png */; };
		C783B7D616E9595500D393B3 /* Default@2x.png in Resources */ = {isa = PBXBuildFile; fileRef = C783B7D516E9595500D393B3 /* Default@2x.png */; };
		C783B7D816E9595500D393B3 /* Default-568h@2x.png in Resources */ = {isa = PBXBuildFile; fileRef = C783B7D716E9595500D393B3 /* Default-568h@2x.png */; };
		C783B7E116E95B2C00D393B3 /* BGScriptView.m in Sources */ = {isa = PBXBuildFile; fileRef = C783B7E016E95B2C00D393B3 /* BGScriptView.m */; };
		C783B7E416E95B3B00D393B3 /* BGScriptViewController.m in Sources */ = {isa = PBXBuildFile; fileRef = C783B7E316E95B3B00D393B3 /* BGScriptViewController.m */; };
		C783B7E716E95B8200D393B3 /* BGBinding.m in Sources */ = {isa = PBXBuildFile; fileRef = C783B7E616E95B8200D393B3 /* BGBinding.m */; };
		C783B7F716E9779A00D393B3 /* libiOSJavaScriptCore.a in Frameworks */ = {isa = PBXBuildFile; fileRef = C783B7F616E9779A00D393B3 /* libiOSJavaScriptCore.a */; };
		C783B7FA16E9781200D393B3 /* BGConsoleBinding.m in Sources */ = {isa = PBXBuildFile; fileRef = C783B7F916E9781200D393B3 /* BGConsoleBinding.m */; };
		C783B7FC16E9784600D393B3 /* libicucore.dylib in Frameworks */ = {isa = PBXBuildFile; fileRef = C783B7FB16E9784600D393B3 /* libicucore.dylib */; };
		C783B7FE16E9784C00D393B3 /* libstdc++.dylib in Frameworks */ = {isa = PBXBuildFile; fileRef = C783B7FD16E9784C00D393B3 /* libstdc++.dylib */; };
		C783B80316E97BFA00D393B3 /* NSString+JavaScriptCoreString.m in Sources */ = {isa = PBXBuildFile; fileRef = C783B80216E97BFA00D393B3 /* NSString+JavaScriptCoreString.m */; };
		C783B80516ECEFBE00D393B3 /* App in Resources */ = {isa = PBXBuildFile; fileRef = C783B80416ECEFBE00D393B3 /* App */; };
		C783B80816ED1A3800D393B3 /* NSObject+JavaScriptCoreObject.m in Sources */ = {isa = PBXBuildFile; fileRef = C783B80716ED1A3800D393B3 /* NSObject+JavaScriptCoreObject.m */; };
/* End PBXBuildFile section */

/* Begin PBXFileReference section */
		C71CA51816F7D990006467FF /* BGViewBinding.h */ = {isa = PBXFileReference; fileEncoding = 4; lastKnownFileType = sourcecode.c.h; path = BGViewBinding.h; sourceTree = "<group>"; };
		C71CA51916F7D990006467FF /* BGViewBinding.m */ = {isa = PBXFileReference; fileEncoding = 4; lastKnownFileType = sourcecode.c.objc; path = BGViewBinding.m; sourceTree = "<group>"; };
		C735A79C16F8A735008A9CC2 /* BGWindowBinding.h */ = {isa = PBXFileReference; fileEncoding = 4; lastKnownFileType = sourcecode.c.h; path = BGWindowBinding.h; sourceTree = "<group>"; };
		C735A79D16F8A735008A9CC2 /* BGWindowBinding.m */ = {isa = PBXFileReference; fileEncoding = 4; lastKnownFileType = sourcecode.c.objc; path = BGWindowBinding.m; sourceTree = "<group>"; };
		C735A7A216F8FBB0008A9CC2 /* NSData+JavaScriptCore.h */ = {isa = PBXFileReference; fileEncoding = 4; lastKnownFileType = sourcecode.c.h; name = "NSData+JavaScriptCore.h"; path = "BoxSpringLib/NSData+JavaScriptCore.h"; sourceTree = "<group>"; };
		C735A7A316F8FBB0008A9CC2 /* NSData+JavaScriptCore.m */ = {isa = PBXFileReference; fileEncoding = 4; lastKnownFileType = sourcecode.c.objc; name = "NSData+JavaScriptCore.m"; path = "BoxSpringLib/NSData+JavaScriptCore.m"; sourceTree = "<group>"; };
		C783B7BE16E9595500D393B3 /* BoxSpringApp.app */ = {isa = PBXFileReference; explicitFileType = wrapper.application; includeInIndex = 0; path = BoxSpringApp.app; sourceTree = BUILT_PRODUCTS_DIR; };
		C783B7C116E9595500D393B3 /* UIKit.framework */ = {isa = PBXFileReference; lastKnownFileType = wrapper.framework; name = UIKit.framework; path = System/Library/Frameworks/UIKit.framework; sourceTree = SDKROOT; };
		C783B7C316E9595500D393B3 /* Foundation.framework */ = {isa = PBXFileReference; lastKnownFileType = wrapper.framework; name = Foundation.framework; path = System/Library/Frameworks/Foundation.framework; sourceTree = SDKROOT; };
		C783B7C516E9595500D393B3 /* CoreGraphics.framework */ = {isa = PBXFileReference; lastKnownFileType = wrapper.framework; name = CoreGraphics.framework; path = System/Library/Frameworks/CoreGraphics.framework; sourceTree = SDKROOT; };
		C783B7CB16E9595500D393B3 /* en */ = {isa = PBXFileReference; lastKnownFileType = text.plist.strings; name = en; path = en.lproj/InfoPlist.strings; sourceTree = "<group>"; };
		C783B7CD16E9595500D393B3 /* main.m */ = {isa = PBXFileReference; lastKnownFileType = sourcecode.c.objc; path = main.m; sourceTree = "<group>"; };
		C783B7CF16E9595500D393B3 /* Prefix.pch */ = {isa = PBXFileReference; lastKnownFileType = sourcecode.c.h; path = Prefix.pch; sourceTree = "<group>"; };
		C783B7D016E9595500D393B3 /* AppDelegate.h */ = {isa = PBXFileReference; lastKnownFileType = sourcecode.c.h; path = AppDelegate.h; sourceTree = "<group>"; };
		C783B7D116E9595500D393B3 /* AppDelegate.m */ = {isa = PBXFileReference; lastKnownFileType = sourcecode.c.objc; path = AppDelegate.m; sourceTree = "<group>"; };
		C783B7D316E9595500D393B3 /* Default.png */ = {isa = PBXFileReference; lastKnownFileType = image.png; path = Default.png; sourceTree = "<group>"; };
		C783B7D516E9595500D393B3 /* Default@2x.png */ = {isa = PBXFileReference; lastKnownFileType = image.png; path = "Default@2x.png"; sourceTree = "<group>"; };
		C783B7D716E9595500D393B3 /* Default-568h@2x.png */ = {isa = PBXFileReference; lastKnownFileType = image.png; path = "Default-568h@2x.png"; sourceTree = "<group>"; };
		C783B7DF16E95B2C00D393B3 /* BGScriptView.h */ = {isa = PBXFileReference; fileEncoding = 4; lastKnownFileType = sourcecode.c.h; path = BGScriptView.h; sourceTree = "<group>"; };
		C783B7E016E95B2C00D393B3 /* BGScriptView.m */ = {isa = PBXFileReference; fileEncoding = 4; lastKnownFileType = sourcecode.c.objc; path = BGScriptView.m; sourceTree = "<group>"; };
		C783B7E216E95B3B00D393B3 /* BGScriptViewController.h */ = {isa = PBXFileReference; fileEncoding = 4; lastKnownFileType = sourcecode.c.h; path = BGScriptViewController.h; sourceTree = "<group>"; };
		C783B7E316E95B3B00D393B3 /* BGScriptViewController.m */ = {isa = PBXFileReference; fileEncoding = 4; lastKnownFileType = sourcecode.c.objc; path = BGScriptViewController.m; sourceTree = "<group>"; };
		C783B7E516E95B8200D393B3 /* BGBinding.h */ = {isa = PBXFileReference; fileEncoding = 4; lastKnownFileType = sourcecode.c.h; path = BGBinding.h; sourceTree = "<group>"; };
		C783B7E616E95B8200D393B3 /* BGBinding.m */ = {isa = PBXFileReference; fileEncoding = 4; lastKnownFileType = sourcecode.c.objc; path = BGBinding.m; sourceTree = "<group>"; };
		C783B7E916E95D1D00D393B3 /* Info.plist */ = {isa = PBXFileReference; fileEncoding = 4; lastKnownFileType = text.plist.xml; path = Info.plist; sourceTree = "<group>"; };
		C783B7ED16E9779A00D393B3 /* JavaScript.h */ = {isa = PBXFileReference; fileEncoding = 4; lastKnownFileType = sourcecode.c.h; path = JavaScript.h; sourceTree = "<group>"; };
		C783B7EE16E9779A00D393B3 /* JavaScriptCore.h */ = {isa = PBXFileReference; fileEncoding = 4; lastKnownFileType = sourcecode.c.h; path = JavaScriptCore.h; sourceTree = "<group>"; };
		C783B7EF16E9779A00D393B3 /* JSBase.h */ = {isa = PBXFileReference; fileEncoding = 4; lastKnownFileType = sourcecode.c.h; path = JSBase.h; sourceTree = "<group>"; };
		C783B7F016E9779A00D393B3 /* JSContextRef.h */ = {isa = PBXFileReference; fileEncoding = 4; lastKnownFileType = sourcecode.c.h; path = JSContextRef.h; sourceTree = "<group>"; };
		C783B7F116E9779A00D393B3 /* JSObjectRef.h */ = {isa = PBXFileReference; fileEncoding = 4; lastKnownFileType = sourcecode.c.h; path = JSObjectRef.h; sourceTree = "<group>"; };
		C783B7F216E9779A00D393B3 /* JSStringRef.h */ = {isa = PBXFileReference; fileEncoding = 4; lastKnownFileType = sourcecode.c.h; path = JSStringRef.h; sourceTree = "<group>"; };
		C783B7F316E9779A00D393B3 /* JSStringRefCF.h */ = {isa = PBXFileReference; fileEncoding = 4; lastKnownFileType = sourcecode.c.h; path = JSStringRefCF.h; sourceTree = "<group>"; };
		C783B7F416E9779A00D393B3 /* JSValueRef.h */ = {isa = PBXFileReference; fileEncoding = 4; lastKnownFileType = sourcecode.c.h; path = JSValueRef.h; sourceTree = "<group>"; };
		C783B7F516E9779A00D393B3 /* WebKitAvailability.h */ = {isa = PBXFileReference; fileEncoding = 4; lastKnownFileType = sourcecode.c.h; path = WebKitAvailability.h; sourceTree = "<group>"; };
		C783B7F616E9779A00D393B3 /* libiOSJavaScriptCore.a */ = {isa = PBXFileReference; lastKnownFileType = archive.ar; path = libiOSJavaScriptCore.a; sourceTree = "<group>"; };
		C783B7F816E9781200D393B3 /* BGConsoleBinding.h */ = {isa = PBXFileReference; fileEncoding = 4; lastKnownFileType = sourcecode.c.h; path = BGConsoleBinding.h; sourceTree = "<group>"; };
		C783B7F916E9781200D393B3 /* BGConsoleBinding.m */ = {isa = PBXFileReference; fileEncoding = 4; lastKnownFileType = sourcecode.c.objc; path = BGConsoleBinding.m; sourceTree = "<group>"; };
		C783B7FB16E9784600D393B3 /* libicucore.dylib */ = {isa = PBXFileReference; lastKnownFileType = "compiled.mach-o.dylib"; name = libicucore.dylib; path = usr/lib/libicucore.dylib; sourceTree = SDKROOT; };
		C783B7FD16E9784C00D393B3 /* libstdc++.dylib */ = {isa = PBXFileReference; lastKnownFileType = "compiled.mach-o.dylib"; name = "libstdc++.dylib"; path = "usr/lib/libstdc++.dylib"; sourceTree = SDKROOT; };
		C783B80116E97BFA00D393B3 /* NSString+JavaScriptCoreString.h */ = {isa = PBXFileReference; fileEncoding = 4; lastKnownFileType = sourcecode.c.h; name = "NSString+JavaScriptCoreString.h"; path = "BoxSpringLib/NSString+JavaScriptCoreString.h"; sourceTree = "<group>"; };
		C783B80216E97BFA00D393B3 /* NSString+JavaScriptCoreString.m */ = {isa = PBXFileReference; fileEncoding = 4; lastKnownFileType = sourcecode.c.objc; name = "NSString+JavaScriptCoreString.m"; path = "BoxSpringLib/NSString+JavaScriptCoreString.m"; sourceTree = "<group>"; };
		C783B80416ECEFBE00D393B3 /* App */ = {isa = PBXFileReference; lastKnownFileType = folder; path = App; sourceTree = "<group>"; };
		C783B80616ED1A3800D393B3 /* NSObject+JavaScriptCoreObject.h */ = {isa = PBXFileReference; fileEncoding = 4; lastKnownFileType = sourcecode.c.h; name = "NSObject+JavaScriptCoreObject.h"; path = "BoxSpringLib/NSObject+JavaScriptCoreObject.h"; sourceTree = "<group>"; };
		C783B80716ED1A3800D393B3 /* NSObject+JavaScriptCoreObject.m */ = {isa = PBXFileReference; fileEncoding = 4; lastKnownFileType = sourcecode.c.objc; name = "NSObject+JavaScriptCoreObject.m"; path = "BoxSpringLib/NSObject+JavaScriptCoreObject.m"; sourceTree = "<group>"; };
/* End PBXFileReference section */

/* Begin PBXFrameworksBuildPhase section */
		C783B7BB16E9595500D393B3 /* Frameworks */ = {
			isa = PBXFrameworksBuildPhase;
			buildActionMask = 2147483647;
			files = (
				C783B7FE16E9784C00D393B3 /* libstdc++.dylib in Frameworks */,
				C783B7FC16E9784600D393B3 /* libicucore.dylib in Frameworks */,
				C783B7C216E9595500D393B3 /* UIKit.framework in Frameworks */,
				C783B7C416E9595500D393B3 /* Foundation.framework in Frameworks */,
				C783B7C616E9595500D393B3 /* CoreGraphics.framework in Frameworks */,
				C783B7F716E9779A00D393B3 /* libiOSJavaScriptCore.a in Frameworks */,
			);
			runOnlyForDeploymentPostprocessing = 0;
		};
/* End PBXFrameworksBuildPhase section */

/* Begin PBXGroup section */
		C783B7B516E9595500D393B3 = {
			isa = PBXGroup;
			children = (
				C783B80416ECEFBE00D393B3 /* App */,
				C783B7C716E9595500D393B3 /* BoxSpringApp */,
				C783B7DE16E95ABD00D393B3 /* BoxSpringLib */,
				C783B7E816E95D1D00D393B3 /* Resources */,
				C783B7FF16E97B6C00D393B3 /* Extras */,
				C783B7EB16E9779A00D393B3 /* Libs */,
				C783B7C016E9595500D393B3 /* Frameworks */,
				C783B7BF16E9595500D393B3 /* Products */,
			);
			sourceTree = "<group>";
		};
		C783B7BF16E9595500D393B3 /* Products */ = {
			isa = PBXGroup;
			children = (
				C783B7BE16E9595500D393B3 /* BoxSpringApp.app */,
			);
			name = Products;
			sourceTree = "<group>";
		};
		C783B7C016E9595500D393B3 /* Frameworks */ = {
			isa = PBXGroup;
			children = (
				C783B7FD16E9784C00D393B3 /* libstdc++.dylib */,
				C783B7FB16E9784600D393B3 /* libicucore.dylib */,
				C783B7C116E9595500D393B3 /* UIKit.framework */,
				C783B7C316E9595500D393B3 /* Foundation.framework */,
				C783B7C516E9595500D393B3 /* CoreGraphics.framework */,
			);
			name = Frameworks;
			sourceTree = "<group>";
		};
		C783B7C716E9595500D393B3 /* BoxSpringApp */ = {
			isa = PBXGroup;
			children = (
				C783B7CD16E9595500D393B3 /* main.m */,
				C783B7D016E9595500D393B3 /* AppDelegate.h */,
				C783B7D116E9595500D393B3 /* AppDelegate.m */,
				C783B7CF16E9595500D393B3 /* Prefix.pch */,
				C783B7C816E9595500D393B3 /* Supporting Files */,
			);
			path = BoxSpringApp;
			sourceTree = "<group>";
		};
		C783B7C816E9595500D393B3 /* Supporting Files */ = {
			isa = PBXGroup;
			children = (
				C783B7CA16E9595500D393B3 /* InfoPlist.strings */,
				C783B7D316E9595500D393B3 /* Default.png */,
				C783B7D516E9595500D393B3 /* Default@2x.png */,
				C783B7D716E9595500D393B3 /* Default-568h@2x.png */,
			);
			name = "Supporting Files";
			sourceTree = "<group>";
		};
		C783B7DE16E95ABD00D393B3 /* BoxSpringLib */ = {
			isa = PBXGroup;
			children = (
				C783B7E216E95B3B00D393B3 /* BGScriptViewController.h */,
				C783B7E316E95B3B00D393B3 /* BGScriptViewController.m */,
				C783B7DF16E95B2C00D393B3 /* BGScriptView.h */,
				C783B7E016E95B2C00D393B3 /* BGScriptView.m */,
				C783B7E516E95B8200D393B3 /* BGBinding.h */,
				C783B7E616E95B8200D393B3 /* BGBinding.m */,
				C783B7F816E9781200D393B3 /* BGConsoleBinding.h */,
				C783B7F916E9781200D393B3 /* BGConsoleBinding.m */,
				C71CA51816F7D990006467FF /* BGViewBinding.h */,
				C71CA51916F7D990006467FF /* BGViewBinding.m */,
				C735A79C16F8A735008A9CC2 /* BGWindowBinding.h */,
				C735A79D16F8A735008A9CC2 /* BGWindowBinding.m */,
			);
			path = BoxSpringLib;
			sourceTree = "<group>";
		};
		C783B7E816E95D1D00D393B3 /* Resources */ = {
			isa = PBXGroup;
			children = (
				C783B7E916E95D1D00D393B3 /* Info.plist */,
			);
			path = Resources;
			sourceTree = "<group>";
		};
		C783B7EB16E9779A00D393B3 /* Libs */ = {
			isa = PBXGroup;
			children = (
				C783B7EC16E9779A00D393B3 /* JavaScriptCore */,
				C783B7F616E9779A00D393B3 /* libiOSJavaScriptCore.a */,
			);
			path = Libs;
			sourceTree = "<group>";
		};
		C783B7EC16E9779A00D393B3 /* JavaScriptCore */ = {
			isa = PBXGroup;
			children = (
				C783B7ED16E9779A00D393B3 /* JavaScript.h */,
				C783B7EE16E9779A00D393B3 /* JavaScriptCore.h */,
				C783B7EF16E9779A00D393B3 /* JSBase.h */,
				C783B7F016E9779A00D393B3 /* JSContextRef.h */,
				C783B7F116E9779A00D393B3 /* JSObjectRef.h */,
				C783B7F216E9779A00D393B3 /* JSStringRef.h */,
				C783B7F316E9779A00D393B3 /* JSStringRefCF.h */,
				C783B7F416E9779A00D393B3 /* JSValueRef.h */,
				C783B7F516E9779A00D393B3 /* WebKitAvailability.h */,
			);
			path = JavaScriptCore;
			sourceTree = "<group>";
		};
		C783B7FF16E97B6C00D393B3 /* Extras */ = {
			isa = PBXGroup;
			children = (
				C783B80116E97BFA00D393B3 /* NSString+JavaScriptCoreString.h */,
				C783B80216E97BFA00D393B3 /* NSString+JavaScriptCoreString.m */,
				C783B80616ED1A3800D393B3 /* NSObject+JavaScriptCoreObject.h */,
				C783B80716ED1A3800D393B3 /* NSObject+JavaScriptCoreObject.m */,
				C735A7A216F8FBB0008A9CC2 /* NSData+JavaScriptCore.h */,
				C735A7A316F8FBB0008A9CC2 /* NSData+JavaScriptCore.m */,
			);
			name = Extras;
			sourceTree = "<group>";
		};
/* End PBXGroup section */

/* Begin PBXNativeTarget section */
		C783B7BD16E9595500D393B3 /* BoxSpringApp */ = {
			isa = PBXNativeTarget;
			buildConfigurationList = C783B7DB16E9595500D393B3 /* Build configuration list for PBXNativeTarget "BoxSpringApp" */;
			buildPhases = (
				C783B7BA16E9595500D393B3 /* Sources */,
				C783B7BB16E9595500D393B3 /* Frameworks */,
				C783B7BC16E9595500D393B3 /* Resources */,
			);
			buildRules = (
			);
			dependencies = (
			);
			name = BoxSpringApp;
			productName = BoxSpringApp;
			productReference = C783B7BE16E9595500D393B3 /* BoxSpringApp.app */;
			productType = "com.apple.product-type.application";
		};
/* End PBXNativeTarget section */

/* Begin PBXProject section */
		C783B7B616E9595500D393B3 /* Project object */ = {
			isa = PBXProject;
			attributes = {
				LastUpgradeCheck = 0460;
				ORGANIZATIONNAME = "Jean-Philippe Déry";
			};
			buildConfigurationList = C783B7B916E9595500D393B3 /* Build configuration list for PBXProject "BoxSpringApp" */;
			compatibilityVersion = "Xcode 3.2";
			developmentRegion = English;
			hasScannedForEncodings = 0;
			knownRegions = (
				en,
			);
			mainGroup = C783B7B516E9595500D393B3;
			productRefGroup = C783B7BF16E9595500D393B3 /* Products */;
			projectDirPath = "";
			projectRoot = "";
			targets = (
				C783B7BD16E9595500D393B3 /* BoxSpringApp */,
			);
		};
/* End PBXProject section */

/* Begin PBXResourcesBuildPhase section */
		C783B7BC16E9595500D393B3 /* Resources */ = {
			isa = PBXResourcesBuildPhase;
			buildActionMask = 2147483647;
			files = (
				C783B80516ECEFBE00D393B3 /* App in Resources */,
				C783B7D416E9595500D393B3 /* Default.png in Resources */,
				C783B7D616E9595500D393B3 /* Default@2x.png in Resources */,
				C783B7D816E9595500D393B3 /* Default-568h@2x.png in Resources */,
				C783B7CC16E9595500D393B3 /* InfoPlist.strings in Resources */,
			);
			runOnlyForDeploymentPostprocessing = 0;
		};
/* End PBXResourcesBuildPhase section */

/* Begin PBXSourcesBuildPhase section */
		C783B7BA16E9595500D393B3 /* Sources */ = {
			isa = PBXSourcesBuildPhase;
			buildActionMask = 2147483647;
			files = (
				C783B7CE16E9595500D393B3 /* main.m in Sources */,
				C783B7D216E9595500D393B3 /* AppDelegate.m in Sources */,
				C783B7E116E95B2C00D393B3 /* BGScriptView.m in Sources */,
				C783B7E416E95B3B00D393B3 /* BGScriptViewController.m in Sources */,
				C783B7E716E95B8200D393B3 /* BGBinding.m in Sources */,
				C783B7FA16E9781200D393B3 /* BGConsoleBinding.m in Sources */,
				C783B80316E97BFA00D393B3 /* NSString+JavaScriptCoreString.m in Sources */,
				C783B80816ED1A3800D393B3 /* NSObject+JavaScriptCoreObject.m in Sources */,
				C71CA51A16F7D990006467FF /* BGViewBinding.m in Sources */,
				C735A79E16F8A735008A9CC2 /* BGWindowBinding.m in Sources */,
				C735A7A416F8FBB0008A9CC2 /* NSData+JavaScriptCore.m in Sources */,
			);
			runOnlyForDeploymentPostprocessing = 0;
		};
/* End PBXSourcesBuildPhase section */

/* Begin PBXVariantGroup section */
		C783B7CA16E9595500D393B3 /* InfoPlist.strings */ = {
			isa = PBXVariantGroup;
			children = (
				C783B7CB16E9595500D393B3 /* en */,
			);
			name = InfoPlist.strings;
			sourceTree = "<group>";
		};
/* End PBXVariantGroup section */

/* Begin XCBuildConfiguration section */
		C783B7D916E9595500D393B3 /* Debug */ = {
			isa = XCBuildConfiguration;
			buildSettings = {
				ALWAYS_SEARCH_USER_PATHS = NO;
				CLANG_CXX_LANGUAGE_STANDARD = "gnu++0x";
				CLANG_CXX_LIBRARY = "libc++";
				CLANG_WARN_CONSTANT_CONVERSION = YES;
				CLANG_WARN_EMPTY_BODY = YES;
				CLANG_WARN_ENUM_CONVERSION = YES;
				CLANG_WARN_INT_CONVERSION = YES;
				CLANG_WARN__DUPLICATE_METHOD_MATCH = YES;
				"CODE_SIGN_IDENTITY[sdk=iphoneos*]" = "iPhone Developer";
				COPY_PHASE_STRIP = NO;
				GCC_C_LANGUAGE_STANDARD = gnu99;
				GCC_DYNAMIC_NO_PIC = NO;
				GCC_OPTIMIZATION_LEVEL = 0;
				GCC_PREPROCESSOR_DEFINITIONS = (
					"DEBUG=1",
					"$(inherited)",
				);
				GCC_SYMBOLS_PRIVATE_EXTERN = NO;
				GCC_WARN_ABOUT_RETURN_TYPE = YES;
				GCC_WARN_UNINITIALIZED_AUTOS = YES;
				GCC_WARN_UNUSED_VARIABLE = YES;
				IPHONEOS_DEPLOYMENT_TARGET = 6.1;
				ONLY_ACTIVE_ARCH = YES;
				SDKROOT = iphoneos;
				TARGETED_DEVICE_FAMILY = "1,2";
			};
			name = Debug;
		};
		C783B7DA16E9595500D393B3 /* Release */ = {
			isa = XCBuildConfiguration;
			buildSettings = {
				ALWAYS_SEARCH_USER_PATHS = NO;
				CLANG_CXX_LANGUAGE_STANDARD = "gnu++0x";
				CLANG_CXX_LIBRARY = "libc++";
				CLANG_WARN_CONSTANT_CONVERSION = YES;
				CLANG_WARN_EMPTY_BODY = YES;
				CLANG_WARN_ENUM_CONVERSION = YES;
				CLANG_WARN_INT_CONVERSION = YES;
				CLANG_WARN__DUPLICATE_METHOD_MATCH = YES;
				"CODE_SIGN_IDENTITY[sdk=iphoneos*]" = "iPhone Developer";
				COPY_PHASE_STRIP = YES;
				GCC_C_LANGUAGE_STANDARD = gnu99;
				GCC_WARN_ABOUT_RETURN_TYPE = YES;
				GCC_WARN_UNINITIALIZED_AUTOS = YES;
				GCC_WARN_UNUSED_VARIABLE = YES;
				IPHONEOS_DEPLOYMENT_TARGET = 6.1;
				OTHER_CFLAGS = "-DNS_BLOCK_ASSERTIONS=1";
				SDKROOT = iphoneos;
				TARGETED_DEVICE_FAMILY = "1,2";
				VALIDATE_PRODUCT = YES;
			};
			name = Release;
		};
		C783B7DC16E9595500D393B3 /* Debug */ = {
			isa = XCBuildConfiguration;
			buildSettings = {
				GCC_PRECOMPILE_PREFIX_HEADER = YES;
				GCC_PREFIX_HEADER = BoxSpringApp/Prefix.pch;
				HEADER_SEARCH_PATHS = "\"$(SRCROOT)/Libs\"";
				INFOPLIST_FILE = Resources/Info.plist;
				LIBRARY_SEARCH_PATHS = (
					"$(inherited)",
					"\"$(SRCROOT)/Libs\"",
					"\"$(SRCROOT)/Libs/\"",
				);
				PRODUCT_NAME = "$(TARGET_NAME)";
				WRAPPER_EXTENSION = app;
			};
			name = Debug;
		};
		C783B7DD16E9595500D393B3 /* Release */ = {
			isa = XCBuildConfiguration;
			buildSettings = {
				GCC_PRECOMPILE_PREFIX_HEADER = YES;
				GCC_PREFIX_HEADER = BoxSpringApp/Prefix.pch;
				HEADER_SEARCH_PATHS = "\"$(SRCROOT)/Libs\"";
				INFOPLIST_FILE = Resources/Info.plist;
				LIBRARY_SEARCH_PATHS = (
					"$(inherited)",
					"\"$(SRCROOT)/Libs\"",
					"\"$(SRCROOT)/Libs/\"",
				);
				PRODUCT_NAME = "$(TARGET_NAME)";
				WRAPPER_EXTENSION = app;
			};
			name = Release;
		};
/* End XCBuildConfiguration section */

/* Begin XCConfigurationList section */
		C783B7B916E9595500D393B3 /* Build configuration list for PBXProject "BoxSpringApp" */ = {
			isa = XCConfigurationList;
			buildConfigurations = (
				C783B7D916E9595500D393B3 /* Debug */,
				C783B7DA16E9595500D393B3 /* Release */,
			);
			defaultConfigurationIsVisible = 0;
			defaultConfigurationName = Release;
		};
		C783B7DB16E9595500D393B3 /* Build configuration list for PBXNativeTarget "BoxSpringApp" */ = {
			isa = XCConfigurationList;
			buildConfigurations = (
				C783B7DC16E9595500D393B3 /* Debug */,
				C783B7DD16E9595500D393B3 /* Release */,
			);
			defaultConfigurationIsVisible = 0;
			defaultConfigurationName = Release;
		};
/* End XCConfigurationList section */
	};
	rootObject = C783B7B616E9595500D393B3 /* Project object */;
}
