// !$*UTF8*$!
{
	archiveVersion = 1;
	classes = {
	};
	objectVersion = 46;
	objects = {

/* Begin PBXBuildFile section */
		C783B7C216E9595500D393B3 /* UIKit.framework in Frameworks */ = {isa = PBXBuildFile; fileRef = C783B7C116E9595500D393B3 /* UIKit.framework */; };
		C783B7C416E9595500D393B3 /* Foundation.framework in Frameworks */ = {isa = PBXBuildFile; fileRef = C783B7C316E9595500D393B3 /* Foundation.framework */; };
		C783B7C616E9595500D393B3 /* CoreGraphics.framework in Frameworks */ = {isa = PBXBuildFile; fileRef = C783B7C516E9595500D393B3 /* CoreGraphics.framework */; };
		C783B7CC16E9595500D393B3 /* InfoPlist.strings in Resources */ = {isa = PBXBuildFile; fileRef = C783B7CA16E9595500D393B3 /* InfoPlist.strings */; };
		C783B7CE16E9595500D393B3 /* main.m in Sources */ = {isa = PBXBuildFile; fileRef = C783B7CD16E9595500D393B3 /* main.m */; };
		C783B7D216E9595500D393B3 /* AppDelegate.m in Sources */ = {isa = PBXBuildFile; fileRef = C783B7D116E9595500D393B3 /* AppDelegate.m */; };
		C783B7D416E9595500D393B3 /* Default.png in Resources */ = {isa = PBXBuildFile; fileRef = C783B7D316E9595500D393B3 /* Default.png */; };
		C783B7D616E9595500D393B3 /* Default@2x.png in Resources */ = {isa = PBXBuildFile; fileRef = C783B7D516E9595500D393B3 /* Default@2x.png */; };
		C783B7D816E9595500D393B3 /* Default-568h@2x.png in Resources */ = {isa = PBXBuildFile; fileRef = C783B7D716E9595500D393B3 /* Default-568h@2x.png */; };
/* End PBXBuildFile section */

/* Begin PBXFileReference section */
		C783B7BE16E9595500D393B3 /* BoxSpringApp.app */ = {isa = PBXFileReference; explicitFileType = wrapper.application; includeInIndex = 0; path = BoxSpringApp.app; sourceTree = BUILT_PRODUCTS_DIR; };
		C783B7C116E9595500D393B3 /* UIKit.framework */ = {isa = PBXFileReference; lastKnownFileType = wrapper.framework; name = UIKit.framework; path = System/Library/Frameworks/UIKit.framework; sourceTree = SDKROOT; };
		C783B7C316E9595500D393B3 /* Foundation.framework */ = {isa = PBXFileReference; lastKnownFileType = wrapper.framework; name = Foundation.framework; path = System/Library/Frameworks/Foundation.framework; sourceTree = SDKROOT; };
		C783B7C516E9595500D393B3 /* CoreGraphics.framework */ = {isa = PBXFileReference; lastKnownFileType = wrapper.framework; name = CoreGraphics.framework; path = System/Library/Frameworks/CoreGraphics.framework; sourceTree = SDKROOT; };
		C783B7C916E9595500D393B3 /* BoxSpringApp-Info.plist */ = {isa = PBXFileReference; lastKnownFileType = text.plist.xml; path = "BoxSpringApp-Info.plist"; sourceTree = "<group>"; };
		C783B7CB16E9595500D393B3 /* en */ = {isa = PBXFileReference; lastKnownFileType = text.plist.strings; name = en; path = en.lproj/InfoPlist.strings; sourceTree = "<group>"; };
		C783B7CD16E9595500D393B3 /* main.m */ = {isa = PBXFileReference; lastKnownFileType = sourcecode.c.objc; path = main.m; sourceTree = "<group>"; };
		C783B7CF16E9595500D393B3 /* BoxSpringApp-Prefix.pch */ = {isa = PBXFileReference; lastKnownFileType = sourcecode.c.h; path = "BoxSpringApp-Prefix.pch"; sourceTree = "<group>"; };
		C783B7D016E9595500D393B3 /* AppDelegate.h */ = {isa = PBXFileReference; lastKnownFileType = sourcecode.c.h; path = AppDelegate.h; sourceTree = "<group>"; };
		C783B7D116E9595500D393B3 /* AppDelegate.m */ = {isa = PBXFileReference; lastKnownFileType = sourcecode.c.objc; path = AppDelegate.m; sourceTree = "<group>"; };
		C783B7D316E9595500D393B3 /* Default.png */ = {isa = PBXFileReference; lastKnownFileType = image.png; path = Default.png; sourceTree = "<group>"; };
		C783B7D516E9595500D393B3 /* Default@2x.png */ = {isa = PBXFileReference; lastKnownFileType = image.png; path = "Default@2x.png"; sourceTree = "<group>"; };
		C783B7D716E9595500D393B3 /* Default-568h@2x.png */ = {isa = PBXFileReference; lastKnownFileType = image.png; path = "Default-568h@2x.png"; sourceTree = "<group>"; };
/* End PBXFileReference section */

/* Begin PBXFrameworksBuildPhase section */
		C783B7BB16E9595500D393B3 /* Frameworks */ = {
			isa = PBXFrameworksBuildPhase;
			buildActionMask = 2147483647;
			files = (
				C783B7C216E9595500D393B3 /* UIKit.framework in Frameworks */,
				C783B7C416E9595500D393B3 /* Foundation.framework in Frameworks */,
				C783B7C616E9595500D393B3 /* CoreGraphics.framework in Frameworks */,
			);
			runOnlyForDeploymentPostprocessing = 0;
		};
/* End PBXFrameworksBuildPhase section */

/* Begin PBXGroup section */
		C783B7B516E9595500D393B3 = {
			isa = PBXGroup;
			children = (
				C783B7C716E9595500D393B3 /* BoxSpringApp */,
				C783B7C016E9595500D393B3 /* Frameworks */,
				C783B7BF16E9595500D393B3 /* Products */,
			);
			sourceTree = "<group>";
		};
		C783B7BF16E9595500D393B3 /* Products */ = {
			isa = PBXGroup;
			children = (
				C783B7BE16E9595500D393B3 /* BoxSpringApp.app */,
			);
			name = Products;
			sourceTree = "<group>";
		};
		C783B7C016E9595500D393B3 /* Frameworks */ = {
			isa = PBXGroup;
			children = (
				C783B7C116E9595500D393B3 /* UIKit.framework */,
				C783B7C316E9595500D393B3 /* Foundation.framework */,
				C783B7C516E9595500D393B3 /* CoreGraphics.framework */,
			);
			name = Frameworks;
			sourceTree = "<group>";
		};
		C783B7C716E9595500D393B3 /* BoxSpringApp */ = {
			isa = PBXGroup;
			children = (
				C783B7D016E9595500D393B3 /* AppDelegate.h */,
				C783B7D116E9595500D393B3 /* AppDelegate.m */,
				C783B7C816E9595500D393B3 /* Supporting Files */,
			);
			path = BoxSpringApp;
			sourceTree = "<group>";
		};
		C783B7C816E9595500D393B3 /* Supporting Files */ = {
			isa = PBXGroup;
			children = (
				C783B7C916E9595500D393B3 /* BoxSpringApp-Info.plist */,
				C783B7CA16E9595500D393B3 /* InfoPlist.strings */,
				C783B7CD16E9595500D393B3 /* main.m */,
				C783B7CF16E9595500D393B3 /* BoxSpringApp-Prefix.pch */,
				C783B7D316E9595500D393B3 /* Default.png */,
				C783B7D516E9595500D393B3 /* Default@2x.png */,
				C783B7D716E9595500D393B3 /* Default-568h@2x.png */,
			);
			name = "Supporting Files";
			sourceTree = "<group>";
		};
/* End PBXGroup section */

/* Begin PBXNativeTarget section */
		C783B7BD16E9595500D393B3 /* BoxSpringApp */ = {
			isa = PBXNativeTarget;
			buildConfigurationList = C783B7DB16E9595500D393B3 /* Build configuration list for PBXNativeTarget "BoxSpringApp" */;
			buildPhases = (
				C783B7BA16E9595500D393B3 /* Sources */,
				C783B7BB16E9595500D393B3 /* Frameworks */,
				C783B7BC16E9595500D393B3 /* Resources */,
			);
			buildRules = (
			);
			dependencies = (
			);
			name = BoxSpringApp;
			productName = BoxSpringApp;
			productReference = C783B7BE16E9595500D393B3 /* BoxSpringApp.app */;
			productType = "com.apple.product-type.application";
		};
/* End PBXNativeTarget section */

/* Begin PBXProject section */
		C783B7B616E9595500D393B3 /* Project object */ = {
			isa = PBXProject;
			attributes = {
				LastUpgradeCheck = 0460;
				ORGANIZATIONNAME = "Jean-Philippe Déry";
			};
			buildConfigurationList = C783B7B916E9595500D393B3 /* Build configuration list for PBXProject "BoxSpringApp" */;
			compatibilityVersion = "Xcode 3.2";
			developmentRegion = English;
			hasScannedForEncodings = 0;
			knownRegions = (
				en,
			);
			mainGroup = C783B7B516E9595500D393B3;
			productRefGroup = C783B7BF16E9595500D393B3 /* Products */;
			projectDirPath = "";
			projectRoot = "";
			targets = (
				C783B7BD16E9595500D393B3 /* BoxSpringApp */,
			);
		};
/* End PBXProject section */

/* Begin PBXResourcesBuildPhase section */
		C783B7BC16E9595500D393B3 /* Resources */ = {
			isa = PBXResourcesBuildPhase;
			buildActionMask = 2147483647;
			files = (
				C783B7CC16E9595500D393B3 /* InfoPlist.strings in Resources */,
				C783B7D416E9595500D393B3 /* Default.png in Resources */,
				C783B7D616E9595500D393B3 /* Default@2x.png in Resources */,
				C783B7D816E9595500D393B3 /* Default-568h@2x.png in Resources */,
			);
			runOnlyForDeploymentPostprocessing = 0;
		};
/* End PBXResourcesBuildPhase section */

/* Begin PBXSourcesBuildPhase section */
		C783B7BA16E9595500D393B3 /* Sources */ = {
			isa = PBXSourcesBuildPhase;
			buildActionMask = 2147483647;
			files = (
				C783B7CE16E9595500D393B3 /* main.m in Sources */,
				C783B7D216E9595500D393B3 /* AppDelegate.m in Sources */,
			);
			runOnlyForDeploymentPostprocessing = 0;
		};
/* End PBXSourcesBuildPhase section */

/* Begin PBXVariantGroup section */
		C783B7CA16E9595500D393B3 /* InfoPlist.strings */ = {
			isa = PBXVariantGroup;
			children = (
				C783B7CB16E9595500D393B3 /* en */,
			);
			name = InfoPlist.strings;
			sourceTree = "<group>";
		};
/* End PBXVariantGroup section */

/* Begin XCBuildConfiguration section */
		C783B7D916E9595500D393B3 /* Debug */ = {
			isa = XCBuildConfiguration;
			buildSettings = {
				ALWAYS_SEARCH_USER_PATHS = NO;
				CLANG_CXX_LANGUAGE_STANDARD = "gnu++0x";
				CLANG_CXX_LIBRARY = "libc++";
				CLANG_WARN_CONSTANT_CONVERSION = YES;
				CLANG_WARN_EMPTY_BODY = YES;
				CLANG_WARN_ENUM_CONVERSION = YES;
				CLANG_WARN_INT_CONVERSION = YES;
				CLANG_WARN__DUPLICATE_METHOD_MATCH = YES;
				"CODE_SIGN_IDENTITY[sdk=iphoneos*]" = "iPhone Developer";
				COPY_PHASE_STRIP = NO;
				GCC_C_LANGUAGE_STANDARD = gnu99;
				GCC_DYNAMIC_NO_PIC = NO;
				GCC_OPTIMIZATION_LEVEL = 0;
				GCC_PREPROCESSOR_DEFINITIONS = (
					"DEBUG=1",
					"$(inherited)",
				);
				GCC_SYMBOLS_PRIVATE_EXTERN = NO;
				GCC_WARN_ABOUT_RETURN_TYPE = YES;
				GCC_WARN_UNINITIALIZED_AUTOS = YES;
				GCC_WARN_UNUSED_VARIABLE = YES;
				IPHONEOS_DEPLOYMENT_TARGET = 6.1;
				ONLY_ACTIVE_ARCH = YES;
				SDKROOT = iphoneos;
				TARGETED_DEVICE_FAMILY = "1,2";
			};
			name = Debug;
		};
		C783B7DA16E9595500D393B3 /* Release */ = {
			isa = XCBuildConfiguration;
			buildSettings = {
				ALWAYS_SEARCH_USER_PATHS = NO;
				CLANG_CXX_LANGUAGE_STANDARD = "gnu++0x";
				CLANG_CXX_LIBRARY = "libc++";
				CLANG_WARN_CONSTANT_CONVERSION = YES;
				CLANG_WARN_EMPTY_BODY = YES;
				CLANG_WARN_ENUM_CONVERSION = YES;
				CLANG_WARN_INT_CONVERSION = YES;
				CLANG_WARN__DUPLICATE_METHOD_MATCH = YES;
				"CODE_SIGN_IDENTITY[sdk=iphoneos*]" = "iPhone Developer";
				COPY_PHASE_STRIP = YES;
				GCC_C_LANGUAGE_STANDARD = gnu99;
				GCC_WARN_ABOUT_RETURN_TYPE = YES;
				GCC_WARN_UNINITIALIZED_AUTOS = YES;
				GCC_WARN_UNUSED_VARIABLE = YES;
				IPHONEOS_DEPLOYMENT_TARGET = 6.1;
				OTHER_CFLAGS = "-DNS_BLOCK_ASSERTIONS=1";
				SDKROOT = iphoneos;
				TARGETED_DEVICE_FAMILY = "1,2";
				VALIDATE_PRODUCT = YES;
			};
			name = Release;
		};
		C783B7DC16E9595500D393B3 /* Debug */ = {
			isa = XCBuildConfiguration;
			buildSettings = {
				GCC_PRECOMPILE_PREFIX_HEADER = YES;
				GCC_PREFIX_HEADER = "BoxSpringApp/BoxSpringApp-Prefix.pch";
				INFOPLIST_FILE = "BoxSpringApp/BoxSpringApp-Info.plist";
				PRODUCT_NAME = "$(TARGET_NAME)";
				WRAPPER_EXTENSION = app;
			};
			name = Debug;
		};
		C783B7DD16E9595500D393B3 /* Release */ = {
			isa = XCBuildConfiguration;
			buildSettings = {
				GCC_PRECOMPILE_PREFIX_HEADER = YES;
				GCC_PREFIX_HEADER = "BoxSpringApp/BoxSpringApp-Prefix.pch";
				INFOPLIST_FILE = "BoxSpringApp/BoxSpringApp-Info.plist";
				PRODUCT_NAME = "$(TARGET_NAME)";
				WRAPPER_EXTENSION = app;
			};
			name = Release;
		};
/* End XCBuildConfiguration section */

/* Begin XCConfigurationList section */
		C783B7B916E9595500D393B3 /* Build configuration list for PBXProject "BoxSpringApp" */ = {
			isa = XCConfigurationList;
			buildConfigurations = (
				C783B7D916E9595500D393B3 /* Debug */,
				C783B7DA16E9595500D393B3 /* Release */,
			);
			defaultConfigurationIsVisible = 0;
			defaultConfigurationName = Release;
		};
		C783B7DB16E9595500D393B3 /* Build configuration list for PBXNativeTarget "BoxSpringApp" */ = {
			isa = XCConfigurationList;
			buildConfigurations = (
				C783B7DC16E9595500D393B3 /* Debug */,
				C783B7DD16E9595500D393B3 /* Release */,
			);
			defaultConfigurationIsVisible = 0;
		};
/* End XCConfigurationList section */
	};
	rootObject = C783B7B616E9595500D393B3 /* Project object */;
}
